
Microsoft Visual Studio Solution File, Format Version 12.00
# Visual Studio Version 16
VisualStudioVersion = 16.0.32602.291
MinimumVisualStudioVersion = 10.0.40219.1
Project("{FAE04EC0-301F-11D3-BF4B-00C04F79EFBC}") = "NetworkLibrary", "NetworkLibrary\NetworkLibrary.csproj", "{77AEBE80-75BC-4E59-8941-BC1F335CF486}"
EndProject
Project("{FAE04EC0-301F-11D3-BF4B-00C04F79EFBC}") = "TerminalLibrary", "TerminalLibrary\TerminalLibrary.csproj", "{4B47E296-8285-4729-BF61-9BDB1F987FF1}"
EndProject
Project("{FAE04EC0-301F-11D3-BF4B-00C04F79EFBC}") = "TestTerminal", "TestTerminal\TestTerminal.csproj", "{F84D5489-ADF5-402F-9267-7C69DCFC0BC3}"
EndProject
Project("{FAE04EC0-301F-11D3-BF4B-00C04F79EFBC}") = "Operator", "Operator\Operator.csproj", "{A91D8F20-AACD-40F7-81B1-F7E742E4D655}"
EndProject
Project("{FAE04EC0-301F-11D3-BF4B-00C04F79EFBC}") = "Terminal", "Terminal\Terminal.csproj", "{68C1280A-BAC3-47E3-98E2-6527ECC53489}"
EndProject
Global
	GlobalSection(SolutionConfigurationPlatforms) = preSolution
		Debug|Any CPU = Debug|Any CPU
		Release|Any CPU = Release|Any CPU
	EndGlobalSection
	GlobalSection(ProjectConfigurationPlatforms) = postSolution
		{77AEBE80-75BC-4E59-8941-BC1F335CF486}.Debug|Any CPU.ActiveCfg = Debug|Any CPU
		{77AEBE80-75BC-4E59-8941-BC1F335CF486}.Debug|Any CPU.Build.0 = Debug|Any CPU
		{77AEBE80-75BC-4E59-8941-BC1F335CF486}.Release|Any CPU.ActiveCfg = Release|Any CPU
		{77AEBE80-75BC-4E59-8941-BC1F335CF486}.Release|Any CPU.Build.0 = Release|Any CPU
		{4B47E296-8285-4729-BF61-9BDB1F987FF1}.Debug|Any CPU.ActiveCfg = Debug|Any CPU
		{4B47E296-8285-4729-BF61-9BDB1F987FF1}.Debug|Any CPU.Build.0 = Debug|Any CPU
		{4B47E296-8285-4729-BF61-9BDB1F987FF1}.Release|Any CPU.ActiveCfg = Release|Any CPU
		{4B47E296-8285-4729-BF61-9BDB1F987FF1}.Release|Any CPU.Build.0 = Release|Any CPU
		{F84D5489-ADF5-402F-9267-7C69DCFC0BC3}.Debug|Any CPU.ActiveCfg = Debug|Any CPU
		{F84D5489-ADF5-402F-9267-7C69DCFC0BC3}.Debug|Any CPU.Build.0 = Debug|Any CPU
		{F84D5489-ADF5-402F-9267-7C69DCFC0BC3}.Release|Any CPU.ActiveCfg = Release|Any CPU
		{F84D5489-ADF5-402F-9267-7C69DCFC0BC3}.Release|Any CPU.Build.0 = Release|Any CPU
		{A91D8F20-AACD-40F7-81B1-F7E742E4D655}.Debug|Any CPU.ActiveCfg = Debug|Any CPU
		{A91D8F20-AACD-40F7-81B1-F7E742E4D655}.Debug|Any CPU.Build.0 = Debug|Any CPU
		{A91D8F20-AACD-40F7-81B1-F7E742E4D655}.Release|Any CPU.ActiveCfg = Release|Any CPU
		{A91D8F20-AACD-40F7-81B1-F7E742E4D655}.Release|Any CPU.Build.0 = Release|Any CPU
		{68C1280A-BAC3-47E3-98E2-6527ECC53489}.Debug|Any CPU.ActiveCfg = Debug|Any CPU
		{68C1280A-BAC3-47E3-98E2-6527ECC53489}.Debug|Any CPU.Build.0 = Debug|Any CPU
		{68C1280A-BAC3-47E3-98E2-6527ECC53489}.Release|Any CPU.ActiveCfg = Release|Any CPU
		{68C1280A-BAC3-47E3-98E2-6527ECC53489}.Release|Any CPU.Build.0 = Release|Any CPU
	EndGlobalSection
	GlobalSection(SolutionProperties) = preSolution
		HideSolutionNode = FALSE
	EndGlobalSection
	GlobalSection(ExtensibilityGlobals) = postSolution
		SolutionGuid = {1330E5F6-F6EC-41DA-A362-42B4E3230E98}
	EndGlobalSection
EndGlobal
